
Microsoft Visual Studio Solution File, Format Version 12.00
# Visual Studio Version 16
VisualStudioVersion = 16.0.31624.102
MinimumVisualStudioVersion = 10.0.40219.1
Project("{FAE04EC0-301F-11D3-BF4B-00C04F79EFBC}") = "Login_FrontEnd", "Login_FrontEnd\Login_FrontEnd.csproj", "{1E67B702-DA77-49D2-9DB0-F9E0D3381021}"
EndProject
Global
	GlobalSection(SolutionConfigurationPlatforms) = preSolution
		Debug|Any CPU = Debug|Any CPU
		Release|Any CPU = Release|Any CPU
	EndGlobalSection
	GlobalSection(ProjectConfigurationPlatforms) = postSolution
		{1E67B702-DA77-49D2-9DB0-F9E0D3381021}.Debug|Any CPU.ActiveCfg = Debug|Any CPU
		{1E67B702-DA77-49D2-9DB0-F9E0D3381021}.Debug|Any CPU.Build.0 = Debug|Any CPU
		{1E67B702-DA77-49D2-9DB0-F9E0D3381021}.Debug|Any CPU.Deploy.0 = Debug|Any CPU
		{1E67B702-DA77-49D2-9DB0-F9E0D3381021}.Release|Any CPU.ActiveCfg = Release|Any CPU
		{1E67B702-DA77-49D2-9DB0-F9E0D3381021}.Release|Any CPU.Build.0 = Release|Any CPU
		{1E67B702-DA77-49D2-9DB0-F9E0D3381021}.Release|Any CPU.Deploy.0 = Release|Any CPU
	EndGlobalSection
	GlobalSection(SolutionProperties) = preSolution
		HideSolutionNode = FALSE
	EndGlobalSection
	GlobalSection(ExtensibilityGlobals) = postSolution
		SolutionGuid = {DCD2D625-C056-4650-980C-692CA565ECFE}
	EndGlobalSection
EndGlobal
